
Microsoft Visual Studio Solution File, Format Version 12.00
# Visual Studio Version 17
VisualStudioVersion = 17.3.32819.101
MinimumVisualStudioVersion = 10.0.40219.1
Project("{9A19103F-16F7-4668-BE54-9A1E7A4F7556}") = "Gavilya", "Gavilya\Gavilya.csproj", "{594A93A2-5BF0-4747-9B4F-92B287C24102}"
EndProject
Project("{9A19103F-16F7-4668-BE54-9A1E7A4F7556}") = "Xalyus Updater", "Xalyus Updater\Xalyus Updater.csproj", "{58D88E42-9977-4827-94B4-4F6669B186AF}"
EndProject
Project("{9A19103F-16F7-4668-BE54-9A1E7A4F7556}") = "Gavilya.SDK", "Gavilya.SDK\Gavilya.SDK.csproj", "{86372636-6196-43D1-9284-2C47BF8D7010}"
EndProject
Project("{FAE04EC0-301F-11D3-BF4B-00C04F79EFBC}") = "Gavilya.Fps", "Gavilya.Fps\Gavilya.Fps.csproj", "{2783D7FD-5631-420D-BD66-BD47084905A3}"
EndProject
Global
	GlobalSection(SolutionConfigurationPlatforms) = preSolution
		Debug|Any CPU = Debug|Any CPU
		Debug|x64 = Debug|x64
		Debug|x86 = Debug|x86
		Release|Any CPU = Release|Any CPU
		Release|x64 = Release|x64
		Release|x86 = Release|x86
	EndGlobalSection
	GlobalSection(ProjectConfigurationPlatforms) = postSolution
		{594A93A2-5BF0-4747-9B4F-92B287C24102}.Debug|Any CPU.ActiveCfg = Debug|Any CPU
		{594A93A2-5BF0-4747-9B4F-92B287C24102}.Debug|Any CPU.Build.0 = Debug|Any CPU
		{594A93A2-5BF0-4747-9B4F-92B287C24102}.Debug|x64.ActiveCfg = Debug|Any CPU
		{594A93A2-5BF0-4747-9B4F-92B287C24102}.Debug|x64.Build.0 = Debug|Any CPU
		{594A93A2-5BF0-4747-9B4F-92B287C24102}.Debug|x86.ActiveCfg = Debug|Any CPU
		{594A93A2-5BF0-4747-9B4F-92B287C24102}.Debug|x86.Build.0 = Debug|Any CPU
		{594A93A2-5BF0-4747-9B4F-92B287C24102}.Release|Any CPU.ActiveCfg = Release|Any CPU
		{594A93A2-5BF0-4747-9B4F-92B287C24102}.Release|Any CPU.Build.0 = Release|Any CPU
		{594A93A2-5BF0-4747-9B4F-92B287C24102}.Release|x64.ActiveCfg = Release|Any CPU
		{594A93A2-5BF0-4747-9B4F-92B287C24102}.Release|x64.Build.0 = Release|Any CPU
		{594A93A2-5BF0-4747-9B4F-92B287C24102}.Release|x86.ActiveCfg = Release|Any CPU
		{594A93A2-5BF0-4747-9B4F-92B287C24102}.Release|x86.Build.0 = Release|Any CPU
		{58D88E42-9977-4827-94B4-4F6669B186AF}.Debug|Any CPU.ActiveCfg = Debug|Any CPU
		{58D88E42-9977-4827-94B4-4F6669B186AF}.Debug|Any CPU.Build.0 = Debug|Any CPU
		{58D88E42-9977-4827-94B4-4F6669B186AF}.Debug|x64.ActiveCfg = Debug|Any CPU
		{58D88E42-9977-4827-94B4-4F6669B186AF}.Debug|x64.Build.0 = Debug|Any CPU
		{58D88E42-9977-4827-94B4-4F6669B186AF}.Debug|x86.ActiveCfg = Debug|Any CPU
		{58D88E42-9977-4827-94B4-4F6669B186AF}.Debug|x86.Build.0 = Debug|Any CPU
		{58D88E42-9977-4827-94B4-4F6669B186AF}.Release|Any CPU.ActiveCfg = Release|Any CPU
		{58D88E42-9977-4827-94B4-4F6669B186AF}.Release|Any CPU.Build.0 = Release|Any CPU
		{58D88E42-9977-4827-94B4-4F6669B186AF}.Release|x64.ActiveCfg = Release|Any CPU
		{58D88E42-9977-4827-94B4-4F6669B186AF}.Release|x64.Build.0 = Release|Any CPU
		{58D88E42-9977-4827-94B4-4F6669B186AF}.Release|x86.ActiveCfg = Release|Any CPU
		{58D88E42-9977-4827-94B4-4F6669B186AF}.Release|x86.Build.0 = Release|Any CPU
		{86372636-6196-43D1-9284-2C47BF8D7010}.Debug|Any CPU.ActiveCfg = Debug|Any CPU
		{86372636-6196-43D1-9284-2C47BF8D7010}.Debug|Any CPU.Build.0 = Debug|Any CPU
		{86372636-6196-43D1-9284-2C47BF8D7010}.Debug|x64.ActiveCfg = Debug|Any CPU
		{86372636-6196-43D1-9284-2C47BF8D7010}.Debug|x64.Build.0 = Debug|Any CPU
		{86372636-6196-43D1-9284-2C47BF8D7010}.Debug|x86.ActiveCfg = Debug|Any CPU
		{86372636-6196-43D1-9284-2C47BF8D7010}.Debug|x86.Build.0 = Debug|Any CPU
		{86372636-6196-43D1-9284-2C47BF8D7010}.Release|Any CPU.ActiveCfg = Release|Any CPU
		{86372636-6196-43D1-9284-2C47BF8D7010}.Release|Any CPU.Build.0 = Release|Any CPU
		{86372636-6196-43D1-9284-2C47BF8D7010}.Release|x64.ActiveCfg = Release|Any CPU
		{86372636-6196-43D1-9284-2C47BF8D7010}.Release|x64.Build.0 = Release|Any CPU
		{86372636-6196-43D1-9284-2C47BF8D7010}.Release|x86.ActiveCfg = Release|Any CPU
		{86372636-6196-43D1-9284-2C47BF8D7010}.Release|x86.Build.0 = Release|Any CPU
		{2783D7FD-5631-420D-BD66-BD47084905A3}.Debug|Any CPU.ActiveCfg = Debug|Any CPU
		{2783D7FD-5631-420D-BD66-BD47084905A3}.Debug|Any CPU.Build.0 = Debug|Any CPU
		{2783D7FD-5631-420D-BD66-BD47084905A3}.Debug|x64.ActiveCfg = Debug|x64
		{2783D7FD-5631-420D-BD66-BD47084905A3}.Debug|x64.Build.0 = Debug|x64
		{2783D7FD-5631-420D-BD66-BD47084905A3}.Debug|x86.ActiveCfg = Debug|x86
		{2783D7FD-5631-420D-BD66-BD47084905A3}.Debug|x86.Build.0 = Debug|x86
		{2783D7FD-5631-420D-BD66-BD47084905A3}.Release|Any CPU.ActiveCfg = Release|Any CPU
		{2783D7FD-5631-420D-BD66-BD47084905A3}.Release|Any CPU.Build.0 = Release|Any CPU
		{2783D7FD-5631-420D-BD66-BD47084905A3}.Release|x64.ActiveCfg = Release|x64
		{2783D7FD-5631-420D-BD66-BD47084905A3}.Release|x64.Build.0 = Release|x64
		{2783D7FD-5631-420D-BD66-BD47084905A3}.Release|x86.ActiveCfg = Release|x86
		{2783D7FD-5631-420D-BD66-BD47084905A3}.Release|x86.Build.0 = Release|x86
	EndGlobalSection
	GlobalSection(SolutionProperties) = preSolution
		HideSolutionNode = FALSE
	EndGlobalSection
	GlobalSection(ExtensibilityGlobals) = postSolution
		SolutionGuid = {F5F9B760-B3BE-4E7A-8EDC-C7C4A709A3D8}
	EndGlobalSection
EndGlobal
