
Microsoft Visual Studio Solution File, Format Version 12.00
# Visual Studio Version 16
VisualStudioVersion = 16.0.30406.217
MinimumVisualStudioVersion = 10.0.40219.1
Project("{9A19103F-16F7-4668-BE54-9A1E7A4F7556}") = "Gavilya", "Gavilya\Gavilya.csproj", "{594A93A2-5BF0-4747-9B4F-92B287C24102}"
EndProject
Project("{9A19103F-16F7-4668-BE54-9A1E7A4F7556}") = "Xalyus Updater", "Xalyus Updater\Xalyus Updater.csproj", "{58D88E42-9977-4827-94B4-4F6669B186AF}"
EndProject
Project("{54435603-DBB4-11D2-8724-00A0C9A8B90C}") = "GavilyaSetup", "GavilyaSetup\GavilyaSetup.vdproj", "{4CFAA2EF-AAB1-4A87-9906-3926F2DA5EBC}"
EndProject
Global
	GlobalSection(SolutionConfigurationPlatforms) = preSolution
		Debug|Any CPU = Debug|Any CPU
		Release|Any CPU = Release|Any CPU
	EndGlobalSection
	GlobalSection(ProjectConfigurationPlatforms) = postSolution
		{594A93A2-5BF0-4747-9B4F-92B287C24102}.Debug|Any CPU.ActiveCfg = Debug|Any CPU
		{594A93A2-5BF0-4747-9B4F-92B287C24102}.Debug|Any CPU.Build.0 = Debug|Any CPU
		{594A93A2-5BF0-4747-9B4F-92B287C24102}.Release|Any CPU.ActiveCfg = Release|Any CPU
		{594A93A2-5BF0-4747-9B4F-92B287C24102}.Release|Any CPU.Build.0 = Release|Any CPU
		{58D88E42-9977-4827-94B4-4F6669B186AF}.Debug|Any CPU.ActiveCfg = Debug|Any CPU
		{58D88E42-9977-4827-94B4-4F6669B186AF}.Debug|Any CPU.Build.0 = Debug|Any CPU
		{58D88E42-9977-4827-94B4-4F6669B186AF}.Release|Any CPU.ActiveCfg = Release|Any CPU
		{58D88E42-9977-4827-94B4-4F6669B186AF}.Release|Any CPU.Build.0 = Release|Any CPU
		{4CFAA2EF-AAB1-4A87-9906-3926F2DA5EBC}.Debug|Any CPU.ActiveCfg = Debug
		{4CFAA2EF-AAB1-4A87-9906-3926F2DA5EBC}.Release|Any CPU.ActiveCfg = Release
	EndGlobalSection
	GlobalSection(SolutionProperties) = preSolution
		HideSolutionNode = FALSE
	EndGlobalSection
	GlobalSection(ExtensibilityGlobals) = postSolution
		SolutionGuid = {F5F9B760-B3BE-4E7A-8EDC-C7C4A709A3D8}
	EndGlobalSection
EndGlobal
