
Microsoft Visual Studio Solution File, Format Version 12.00
# Visual Studio Version 16
VisualStudioVersion = 16.0.30406.217
MinimumVisualStudioVersion = 10.0.40219.1
Project("{FAE04EC0-301F-11D3-BF4B-00C04F79EFBC}") = "Gavilya", "Gavilya\Gavilya.csproj", "{594A93A2-5BF0-4747-9B4F-92B287C24102}"
EndProject
Global
	GlobalSection(SolutionConfigurationPlatforms) = preSolution
		Debug|Any CPU = Debug|Any CPU
		Release|Any CPU = Release|Any CPU
	EndGlobalSection
	GlobalSection(ProjectConfigurationPlatforms) = postSolution
		{594A93A2-5BF0-4747-9B4F-92B287C24102}.Debug|Any CPU.ActiveCfg = Debug|Any CPU
		{594A93A2-5BF0-4747-9B4F-92B287C24102}.Debug|Any CPU.Build.0 = Debug|Any CPU
		{594A93A2-5BF0-4747-9B4F-92B287C24102}.Release|Any CPU.ActiveCfg = Release|Any CPU
		{594A93A2-5BF0-4747-9B4F-92B287C24102}.Release|Any CPU.Build.0 = Release|Any CPU
	EndGlobalSection
	GlobalSection(SolutionProperties) = preSolution
		HideSolutionNode = FALSE
	EndGlobalSection
	GlobalSection(ExtensibilityGlobals) = postSolution
		SolutionGuid = {F5F9B760-B3BE-4E7A-8EDC-C7C4A709A3D8}
	EndGlobalSection
EndGlobal
